
Microsoft Visual Studio Solution File, Format Version 12.00
# Visual Studio Version 17
VisualStudioVersion = 17.8.34322.80
MinimumVisualStudioVersion = 10.0.40219.1
Project("{9A19103F-16F7-4668-BE54-9A1E7A4F7556}") = "BrynnPopQuiz", "BrynnPopQuiz\BrynnPopQuiz.csproj", "{43D69BDB-D7EA-4339-8E6A-DD2E7F3C4781}"
EndProject
Project("{FAE04EC0-301F-11D3-BF4B-00C04F79EFBC}") = "RandomGenGame", "RandomGenGame\RandomGenGame.csproj", "{63BF0C92-BBB1-4125-AA3E-184B83F680A3}"
EndProject
Global
	GlobalSection(SolutionConfigurationPlatforms) = preSolution
		Debug|Any CPU = Debug|Any CPU
		Release|Any CPU = Release|Any CPU
	EndGlobalSection
	GlobalSection(ProjectConfigurationPlatforms) = postSolution
		{43D69BDB-D7EA-4339-8E6A-DD2E7F3C4781}.Debug|Any CPU.ActiveCfg = Debug|Any CPU
		{43D69BDB-D7EA-4339-8E6A-DD2E7F3C4781}.Debug|Any CPU.Build.0 = Debug|Any CPU
		{43D69BDB-D7EA-4339-8E6A-DD2E7F3C4781}.Release|Any CPU.ActiveCfg = Release|Any CPU
		{43D69BDB-D7EA-4339-8E6A-DD2E7F3C4781}.Release|Any CPU.Build.0 = Release|Any CPU
		{63BF0C92-BBB1-4125-AA3E-184B83F680A3}.Debug|Any CPU.ActiveCfg = Debug|Any CPU
		{63BF0C92-BBB1-4125-AA3E-184B83F680A3}.Debug|Any CPU.Build.0 = Debug|Any CPU
		{63BF0C92-BBB1-4125-AA3E-184B83F680A3}.Release|Any CPU.ActiveCfg = Release|Any CPU
		{63BF0C92-BBB1-4125-AA3E-184B83F680A3}.Release|Any CPU.Build.0 = Release|Any CPU
	EndGlobalSection
	GlobalSection(SolutionProperties) = preSolution
		HideSolutionNode = FALSE
	EndGlobalSection
	GlobalSection(ExtensibilityGlobals) = postSolution
		SolutionGuid = {2FEF973D-710A-4BA8-9287-2CD82ACBF6A3}
	EndGlobalSection
EndGlobal
